// !$*UTF8*$!
{
	archiveVersion = 1;
	classes = {
	};
	objectVersion = 56;
	objects = {

/* Begin PBXBuildFile section */
		9DFFB8622B06248E00281C9D /* AppDelegate.swift in Sources */ = {isa = PBXBuildFile; fileRef = 9DFFB8612B06248E00281C9D /* AppDelegate.swift */; };
		9DFFB8642B06248E00281C9D /* SceneDelegate.swift in Sources */ = {isa = PBXBuildFile; fileRef = 9DFFB8632B06248E00281C9D /* SceneDelegate.swift */; };
		9DFFB8662B06248E00281C9D /* ViewController.swift in Sources */ = {isa = PBXBuildFile; fileRef = 9DFFB8652B06248E00281C9D /* ViewController.swift */; };
		9DFFB86B2B06249000281C9D /* Assets.xcassets in Resources */ = {isa = PBXBuildFile; fileRef = 9DFFB86A2B06249000281C9D /* Assets.xcassets */; };
		9DFFB86E2B06249000281C9D /* LaunchScreen.storyboard in Resources */ = {isa = PBXBuildFile; fileRef = 9DFFB86C2B06249000281C9D /* LaunchScreen.storyboard */; };
		9DFFB8762B0625F200281C9D /* Post.swift in Sources */ = {isa = PBXBuildFile; fileRef = 9DFFB8752B0625F200281C9D /* Post.swift */; };
		A73374FE7404BF55AAA13B69 /* Pods_When_you_get_bored_you_can_use.framework in Frameworks */ = {isa = PBXBuildFile; fileRef = AA46AA8820FCB2CC94FB4A92 /* Pods_When_you_get_bored_you_can_use.framework */; };
/* End PBXBuildFile section */

/* Begin PBXFileReference section */
		61EF49D1951776EEF9DFFD57 /* Pods-When you get bored you can use.release.xcconfig */ = {isa = PBXFileReference; includeInIndex = 1; lastKnownFileType = text.xcconfig; name = "Pods-When you get bored you can use.release.xcconfig"; path = "Target Support Files/Pods-When you get bored you can use/Pods-When you get bored you can use.release.xcconfig"; sourceTree = "<group>"; };
		7688A7D11EEF4F95FB334948 /* Pods-When you get bored you can use.debug.xcconfig */ = {isa = PBXFileReference; includeInIndex = 1; lastKnownFileType = text.xcconfig; name = "Pods-When you get bored you can use.debug.xcconfig"; path = "Target Support Files/Pods-When you get bored you can use/Pods-When you get bored you can use.debug.xcconfig"; sourceTree = "<group>"; };
		9DFFB85E2B06248E00281C9D /* When you get bored you can use.app */ = {isa = PBXFileReference; explicitFileType = wrapper.application; includeInIndex = 0; path = "When you get bored you can use.app"; sourceTree = BUILT_PRODUCTS_DIR; };
		9DFFB8612B06248E00281C9D /* AppDelegate.swift */ = {isa = PBXFileReference; lastKnownFileType = sourcecode.swift; path = AppDelegate.swift; sourceTree = "<group>"; };
		9DFFB8632B06248E00281C9D /* SceneDelegate.swift */ = {isa = PBXFileReference; lastKnownFileType = sourcecode.swift; path = SceneDelegate.swift; sourceTree = "<group>"; };
		9DFFB8652B06248E00281C9D /* ViewController.swift */ = {isa = PBXFileReference; lastKnownFileType = sourcecode.swift; path = ViewController.swift; sourceTree = "<group>"; };
		9DFFB86A2B06249000281C9D /* Assets.xcassets */ = {isa = PBXFileReference; lastKnownFileType = folder.assetcatalog; path = Assets.xcassets; sourceTree = "<group>"; };
		9DFFB86D2B06249000281C9D /* Base */ = {isa = PBXFileReference; lastKnownFileType = file.storyboard; name = Base; path = Base.lproj/LaunchScreen.storyboard; sourceTree = "<group>"; };
		9DFFB86F2B06249000281C9D /* Info.plist */ = {isa = PBXFileReference; lastKnownFileType = text.plist.xml; path = Info.plist; sourceTree = "<group>"; };
		9DFFB8752B0625F200281C9D /* Post.swift */ = {isa = PBXFileReference; lastKnownFileType = sourcecode.swift; path = Post.swift; sourceTree = "<group>"; };
		AA46AA8820FCB2CC94FB4A92 /* Pods_When_you_get_bored_you_can_use.framework */ = {isa = PBXFileReference; explicitFileType = wrapper.framework; includeInIndex = 0; path = Pods_When_you_get_bored_you_can_use.framework; sourceTree = BUILT_PRODUCTS_DIR; };
/* End PBXFileReference section */

/* Begin PBXFrameworksBuildPhase section */
		9DFFB85B2B06248E00281C9D /* Frameworks */ = {
			isa = PBXFrameworksBuildPhase;
			buildActionMask = 2147483647;
			files = (
				A73374FE7404BF55AAA13B69 /* Pods_When_you_get_bored_you_can_use.framework in Frameworks */,
			);
			runOnlyForDeploymentPostprocessing = 0;
		};
/* End PBXFrameworksBuildPhase section */

/* Begin PBXGroup section */
		40E51E6C4A2B8BC553B464CC /* Pods */ = {
			isa = PBXGroup;
			children = (
				7688A7D11EEF4F95FB334948 /* Pods-When you get bored you can use.debug.xcconfig */,
				61EF49D1951776EEF9DFFD57 /* Pods-When you get bored you can use.release.xcconfig */,
			);
			name = Pods;
			path = Pods;
			sourceTree = "<group>";
		};
		9DFFB8552B06248D00281C9D = {
			isa = PBXGroup;
			children = (
				9DFFB8602B06248E00281C9D /* When you get bored you can use */,
				9DFFB85F2B06248E00281C9D /* Products */,
				40E51E6C4A2B8BC553B464CC /* Pods */,
				E34F7D87B2836C296A8B4334 /* Frameworks */,
			);
			sourceTree = "<group>";
		};
		9DFFB85F2B06248E00281C9D /* Products */ = {
			isa = PBXGroup;
			children = (
				9DFFB85E2B06248E00281C9D /* When you get bored you can use.app */,
			);
			name = Products;
			sourceTree = "<group>";
		};
		9DFFB8602B06248E00281C9D /* When you get bored you can use */ = {
			isa = PBXGroup;
			children = (
				9DFFB8612B06248E00281C9D /* AppDelegate.swift */,
				9DFFB8632B06248E00281C9D /* SceneDelegate.swift */,
				9DFFB8652B06248E00281C9D /* ViewController.swift */,
				9DFFB8752B0625F200281C9D /* Post.swift */,
				9DFFB86A2B06249000281C9D /* Assets.xcassets */,
				9DFFB86C2B06249000281C9D /* LaunchScreen.storyboard */,
				9DFFB86F2B06249000281C9D /* Info.plist */,
			);
			path = "When you get bored you can use";
			sourceTree = "<group>";
		};
		E34F7D87B2836C296A8B4334 /* Frameworks */ = {
			isa = PBXGroup;
			children = (
				AA46AA8820FCB2CC94FB4A92 /* Pods_When_you_get_bored_you_can_use.framework */,
			);
			name = Frameworks;
			sourceTree = "<group>";
		};
/* End PBXGroup section */

/* Begin PBXNativeTarget section */
		9DFFB85D2B06248E00281C9D /* When you get bored you can use */ = {
			isa = PBXNativeTarget;
			buildConfigurationList = 9DFFB8722B06249000281C9D /* Build configuration list for PBXNativeTarget "When you get bored you can use" */;
			buildPhases = (
				9A0565732402E8FFC9222EB9 /* [CP] Check Pods Manifest.lock */,
				9DFFB85A2B06248E00281C9D /* Sources */,
				9DFFB85B2B06248E00281C9D /* Frameworks */,
				9DFFB85C2B06248E00281C9D /* Resources */,
				A32473DC2021A45A510FD2C8 /* [CP] Embed Pods Frameworks */,
			);
			buildRules = (
			);
			dependencies = (
			);
			name = "When you get bored you can use";
			productName = "When you get bored you can use";
			productReference = 9DFFB85E2B06248E00281C9D /* When you get bored you can use.app */;
			productType = "com.apple.product-type.application";
		};
/* End PBXNativeTarget section */

/* Begin PBXProject section */
		9DFFB8562B06248D00281C9D /* Project object */ = {
			isa = PBXProject;
			attributes = {
				BuildIndependentTargetsInParallel = 1;
				LastSwiftUpdateCheck = 1420;
				LastUpgradeCheck = 1420;
				TargetAttributes = {
					9DFFB85D2B06248E00281C9D = {
						CreatedOnToolsVersion = 14.2;
					};
				};
			};
			buildConfigurationList = 9DFFB8592B06248D00281C9D /* Build configuration list for PBXProject "When you get bored you can use" */;
			compatibilityVersion = "Xcode 14.0";
			developmentRegion = en;
			hasScannedForEncodings = 0;
			knownRegions = (
				en,
				Base,
			);
			mainGroup = 9DFFB8552B06248D00281C9D;
			productRefGroup = 9DFFB85F2B06248E00281C9D /* Products */;
			projectDirPath = "";
			projectRoot = "";
			targets = (
				9DFFB85D2B06248E00281C9D /* When you get bored you can use */,
			);
		};
/* End PBXProject section */

/* Begin PBXResourcesBuildPhase section */
		9DFFB85C2B06248E00281C9D /* Resources */ = {
			isa = PBXResourcesBuildPhase;
			buildActionMask = 2147483647;
			files = (
				9DFFB86E2B06249000281C9D /* LaunchScreen.storyboard in Resources */,
				9DFFB86B2B06249000281C9D /* Assets.xcassets in Resources */,
			);
			runOnlyForDeploymentPostprocessing = 0;
		};
/* End PBXResourcesBuildPhase section */

/* Begin PBXShellScriptBuildPhase section */
		9A0565732402E8FFC9222EB9 /* [CP] Check Pods Manifest.lock */ = {
			isa = PBXShellScriptBuildPhase;
			buildActionMask = 2147483647;
			files = (
			);
			inputFileListPaths = (
			);
			inputPaths = (
				"${PODS_PODFILE_DIR_PATH}/Podfile.lock",
				"${PODS_ROOT}/Manifest.lock",
			);
			name = "[CP] Check Pods Manifest.lock";
			outputFileListPaths = (
			);
			outputPaths = (
				"$(DERIVED_FILE_DIR)/Pods-When you get bored you can use-checkManifestLockResult.txt",
			);
			runOnlyForDeploymentPostprocessing = 0;
			shellPath = /bin/sh;
			shellScript = "diff \"${PODS_PODFILE_DIR_PATH}/Podfile.lock\" \"${PODS_ROOT}/Manifest.lock\" > /dev/null\nif [ $? != 0 ] ; then\n    # print error to STDERR\n    echo \"error: The sandbox is not in sync with the Podfile.lock. Run 'pod install' or update your CocoaPods installation.\" >&2\n    exit 1\nfi\n# This output is used by Xcode 'outputs' to avoid re-running this script phase.\necho \"SUCCESS\" > \"${SCRIPT_OUTPUT_FILE_0}\"\n";
			showEnvVarsInLog = 0;
		};
		A32473DC2021A45A510FD2C8 /* [CP] Embed Pods Frameworks */ = {
			isa = PBXShellScriptBuildPhase;
			buildActionMask = 2147483647;
			files = (
			);
			inputFileListPaths = (
				"${PODS_ROOT}/Target Support Files/Pods-When you get bored you can use/Pods-When you get bored you can use-frameworks-${CONFIGURATION}-input-files.xcfilelist",
			);
			name = "[CP] Embed Pods Frameworks";
			outputFileListPaths = (
				"${PODS_ROOT}/Target Support Files/Pods-When you get bored you can use/Pods-When you get bored you can use-frameworks-${CONFIGURATION}-output-files.xcfilelist",
			);
			runOnlyForDeploymentPostprocessing = 0;
			shellPath = /bin/sh;
			shellScript = "\"${PODS_ROOT}/Target Support Files/Pods-When you get bored you can use/Pods-When you get bored you can use-frameworks.sh\"\n";
			showEnvVarsInLog = 0;
		};
/* End PBXShellScriptBuildPhase section */

/* Begin PBXSourcesBuildPhase section */
		9DFFB85A2B06248E00281C9D /* Sources */ = {
			isa = PBXSourcesBuildPhase;
			buildActionMask = 2147483647;
			files = (
				9DFFB8662B06248E00281C9D /* ViewController.swift in Sources */,
				9DFFB8622B06248E00281C9D /* AppDelegate.swift in Sources */,
				9DFFB8642B06248E00281C9D /* SceneDelegate.swift in Sources */,
				9DFFB8762B0625F200281C9D /* Post.swift in Sources */,
			);
			runOnlyForDeploymentPostprocessing = 0;
		};
/* End PBXSourcesBuildPhase section */

/* Begin PBXVariantGroup section */
		9DFFB86C2B06249000281C9D /* LaunchScreen.storyboard */ = {
			isa = PBXVariantGroup;
			children = (
				9DFFB86D2B06249000281C9D /* Base */,
			);
			name = LaunchScreen.storyboard;
			sourceTree = "<group>";
		};
/* End PBXVariantGroup section */

/* Begin XCBuildConfiguration section */
		9DFFB8702B06249000281C9D /* Debug */ = {
			isa = XCBuildConfiguration;
			buildSettings = {
				ALWAYS_SEARCH_USER_PATHS = NO;
				CLANG_ANALYZER_NONNULL = YES;
				CLANG_ANALYZER_NUMBER_OBJECT_CONVERSION = YES_AGGRESSIVE;
				CLANG_CXX_LANGUAGE_STANDARD = "gnu++20";
				CLANG_ENABLE_MODULES = YES;
				CLANG_ENABLE_OBJC_ARC = YES;
				CLANG_ENABLE_OBJC_WEAK = YES;
				CLANG_WARN_BLOCK_CAPTURE_AUTORELEASING = YES;
				CLANG_WARN_BOOL_CONVERSION = YES;
				CLANG_WARN_COMMA = YES;
				CLANG_WARN_CONSTANT_CONVERSION = YES;
				CLANG_WARN_DEPRECATED_OBJC_IMPLEMENTATIONS = YES;
				CLANG_WARN_DIRECT_OBJC_ISA_USAGE = YES_ERROR;
				CLANG_WARN_DOCUMENTATION_COMMENTS = YES;
				CLANG_WARN_EMPTY_BODY = YES;
				CLANG_WARN_ENUM_CONVERSION = YES;
				CLANG_WARN_INFINITE_RECURSION = YES;
				CLANG_WARN_INT_CONVERSION = YES;
				CLANG_WARN_NON_LITERAL_NULL_CONVERSION = YES;
				CLANG_WARN_OBJC_IMPLICIT_RETAIN_SELF = YES;
				CLANG_WARN_OBJC_LITERAL_CONVERSION = YES;
				CLANG_WARN_OBJC_ROOT_CLASS = YES_ERROR;
				CLANG_WARN_QUOTED_INCLUDE_IN_FRAMEWORK_HEADER = YES;
				CLANG_WARN_RANGE_LOOP_ANALYSIS = YES;
				CLANG_WARN_STRICT_PROTOTYPES = YES;
				CLANG_WARN_SUSPICIOUS_MOVE = YES;
				CLANG_WARN_UNGUARDED_AVAILABILITY = YES_AGGRESSIVE;
				CLANG_WARN_UNREACHABLE_CODE = YES;
				CLANG_WARN__DUPLICATE_METHOD_MATCH = YES;
				COPY_PHASE_STRIP = NO;
				DEBUG_INFORMATION_FORMAT = dwarf;
				ENABLE_STRICT_OBJC_MSGSEND = YES;
				ENABLE_TESTABILITY = YES;
				GCC_C_LANGUAGE_STANDARD = gnu11;
				GCC_DYNAMIC_NO_PIC = NO;
				GCC_NO_COMMON_BLOCKS = YES;
				GCC_OPTIMIZATION_LEVEL = 0;
				GCC_PREPROCESSOR_DEFINITIONS = (
					"DEBUG=1",
					"$(inherited)",
				);
				GCC_WARN_64_TO_32_BIT_CONVERSION = YES;
				GCC_WARN_ABOUT_RETURN_TYPE = YES_ERROR;
				GCC_WARN_UNDECLARED_SELECTOR = YES;
				GCC_WARN_UNINITIALIZED_AUTOS = YES_AGGRESSIVE;
				GCC_WARN_UNUSED_FUNCTION = YES;
				GCC_WARN_UNUSED_VARIABLE = YES;
				IPHONEOS_DEPLOYMENT_TARGET = 16.2;
				MTL_ENABLE_DEBUG_INFO = INCLUDE_SOURCE;
				MTL_FAST_MATH = YES;
				ONLY_ACTIVE_ARCH = YES;
				SDKROOT = iphoneos;
				SWIFT_ACTIVE_COMPILATION_CONDITIONS = DEBUG;
				SWIFT_OPTIMIZATION_LEVEL = "-Onone";
			};
			name = Debug;
		};
		9DFFB8712B06249000281C9D /* Release */ = {
			isa = XCBuildConfiguration;
			buildSettings = {
				ALWAYS_SEARCH_USER_PATHS = NO;
				CLANG_ANALYZER_NONNULL = YES;
				CLANG_ANALYZER_NUMBER_OBJECT_CONVERSION = YES_AGGRESSIVE;
				CLANG_CXX_LANGUAGE_STANDARD = "gnu++20";
				CLANG_ENABLE_MODULES = YES;
				CLANG_ENABLE_OBJC_ARC = YES;
				CLANG_ENABLE_OBJC_WEAK = YES;
				CLANG_WARN_BLOCK_CAPTURE_AUTORELEASING = YES;
				CLANG_WARN_BOOL_CONVERSION = YES;
				CLANG_WARN_COMMA = YES;
				CLANG_WARN_CONSTANT_CONVERSION = YES;
				CLANG_WARN_DEPRECATED_OBJC_IMPLEMENTATIONS = YES;
				CLANG_WARN_DIRECT_OBJC_ISA_USAGE = YES_ERROR;
				CLANG_WARN_DOCUMENTATION_COMMENTS = YES;
				CLANG_WARN_EMPTY_BODY = YES;
				CLANG_WARN_ENUM_CONVERSION = YES;
				CLANG_WARN_INFINITE_RECURSION = YES;
				CLANG_WARN_INT_CONVERSION = YES;
				CLANG_WARN_NON_LITERAL_NULL_CONVERSION = YES;
				CLANG_WARN_OBJC_IMPLICIT_RETAIN_SELF = YES;
				CLANG_WARN_OBJC_LITERAL_CONVERSION = YES;
				CLANG_WARN_OBJC_ROOT_CLASS = YES_ERROR;
				CLANG_WARN_QUOTED_INCLUDE_IN_FRAMEWORK_HEADER = YES;
				CLANG_WARN_RANGE_LOOP_ANALYSIS = YES;
				CLANG_WARN_STRICT_PROTOTYPES = YES;
				CLANG_WARN_SUSPICIOUS_MOVE = YES;
				CLANG_WARN_UNGUARDED_AVAILABILITY = YES_AGGRESSIVE;
				CLANG_WARN_UNREACHABLE_CODE = YES;
				CLANG_WARN__DUPLICATE_METHOD_MATCH = YES;
				COPY_PHASE_STRIP = NO;
				DEBUG_INFORMATION_FORMAT = "dwarf-with-dsym";
				ENABLE_NS_ASSERTIONS = NO;
				ENABLE_STRICT_OBJC_MSGSEND = YES;
				GCC_C_LANGUAGE_STANDARD = gnu11;
				GCC_NO_COMMON_BLOCKS = YES;
				GCC_WARN_64_TO_32_BIT_CONVERSION = YES;
				GCC_WARN_ABOUT_RETURN_TYPE = YES_ERROR;
				GCC_WARN_UNDECLARED_SELECTOR = YES;
				GCC_WARN_UNINITIALIZED_AUTOS = YES_AGGRESSIVE;
				GCC_WARN_UNUSED_FUNCTION = YES;
				GCC_WARN_UNUSED_VARIABLE = YES;
				IPHONEOS_DEPLOYMENT_TARGET = 16.2;
				MTL_ENABLE_DEBUG_INFO = NO;
				MTL_FAST_MATH = YES;
				SDKROOT = iphoneos;
				SWIFT_COMPILATION_MODE = wholemodule;
				SWIFT_OPTIMIZATION_LEVEL = "-O";
				VALIDATE_PRODUCT = YES;
			};
			name = Release;
		};
		9DFFB8732B06249000281C9D /* Debug */ = {
			isa = XCBuildConfiguration;
			baseConfigurationReference = 7688A7D11EEF4F95FB334948 /* Pods-When you get bored you can use.debug.xcconfig */;
			buildSettings = {
				ASSETCATALOG_COMPILER_APPICON_NAME = AppIcon;
				ASSETCATALOG_COMPILER_GLOBAL_ACCENT_COLOR_NAME = AccentColor;
				CODE_SIGN_STYLE = Automatic;
				CURRENT_PROJECT_VERSION = 1;
				DEVELOPMENT_TEAM = B5GYW8VT22;
				GENERATE_INFOPLIST_FILE = YES;
				INFOPLIST_FILE = "When you get bored you can use/Info.plist";
				INFOPLIST_KEY_UIApplicationSupportsIndirectInputEvents = YES;
				INFOPLIST_KEY_UILaunchStoryboardName = LaunchScreen;
				INFOPLIST_KEY_UISupportedInterfaceOrientations_iPad = "UIInterfaceOrientationPortrait UIInterfaceOrientationPortraitUpsideDown UIInterfaceOrientationLandscapeLeft UIInterfaceOrientationLandscapeRight";
				INFOPLIST_KEY_UISupportedInterfaceOrientations_iPhone = "UIInterfaceOrientationPortrait UIInterfaceOrientationLandscapeLeft UIInterfaceOrientationLandscapeRight";
				LD_RUNPATH_SEARCH_PATHS = (
					"$(inherited)",
					"@executable_path/Frameworks",
				);
				MARKETING_VERSION = 1.0;
				PRODUCT_BUNDLE_IDENTIFIER = "Nepena.When-you-get-bored-you-can-use";
				PRODUCT_NAME = "$(TARGET_NAME)";
				SWIFT_EMIT_LOC_STRINGS = YES;
				SWIFT_VERSION = 5.0;
				TARGETED_DEVICE_FAMILY = "1,2";
			};
			name = Debug;
		};
		9DFFB8742B06249000281C9D /* Release */ = {
			isa = XCBuildConfiguration;
			baseConfigurationReference = 61EF49D1951776EEF9DFFD57 /* Pods-When you get bored you can use.release.xcconfig */;
			buildSettings = {
				ASSETCATALOG_COMPILER_APPICON_NAME = AppIcon;
				ASSETCATALOG_COMPILER_GLOBAL_ACCENT_COLOR_NAME = AccentColor;
				CODE_SIGN_STYLE = Automatic;
				CURRENT_PROJECT_VERSION = 1;
				DEVELOPMENT_TEAM = B5GYW8VT22;
				GENERATE_INFOPLIST_FILE = YES;
				INFOPLIST_FILE = "When you get bored you can use/Info.plist";
				INFOPLIST_KEY_UIApplicationSupportsIndirectInputEvents = YES;
				INFOPLIST_KEY_UILaunchStoryboardName = LaunchScreen;
				INFOPLIST_KEY_UISupportedInterfaceOrientations_iPad = "UIInterfaceOrientationPortrait UIInterfaceOrientationPortraitUpsideDown UIInterfaceOrientationLandscapeLeft UIInterfaceOrientationLandscapeRight";
				INFOPLIST_KEY_UISupportedInterfaceOrientations_iPhone = "UIInterfaceOrientationPortrait UIInterfaceOrientationLandscapeLeft UIInterfaceOrientationLandscapeRight";
				LD_RUNPATH_SEARCH_PATHS = (
					"$(inherited)",
					"@executable_path/Frameworks",
				);
				MARKETING_VERSION = 1.0;
				PRODUCT_BUNDLE_IDENTIFIER = "Nepena.When-you-get-bored-you-can-use";
				PRODUCT_NAME = "$(TARGET_NAME)";
				SWIFT_EMIT_LOC_STRINGS = YES;
				SWIFT_VERSION = 5.0;
				TARGETED_DEVICE_FAMILY = "1,2";
			};
			name = Release;
		};
/* End XCBuildConfiguration section */

/* Begin XCConfigurationList section */
		9DFFB8592B06248D00281C9D /* Build configuration list for PBXProject "When you get bored you can use" */ = {
			isa = XCConfigurationList;
			buildConfigurations = (
				9DFFB8702B06249000281C9D /* Debug */,
				9DFFB8712B06249000281C9D /* Release */,
			);
			defaultConfigurationIsVisible = 0;
			defaultConfigurationName = Release;
		};
		9DFFB8722B06249000281C9D /* Build configuration list for PBXNativeTarget "When you get bored you can use" */ = {
			isa = XCConfigurationList;
			buildConfigurations = (
				9DFFB8732B06249000281C9D /* Debug */,
				9DFFB8742B06249000281C9D /* Release */,
			);
			defaultConfigurationIsVisible = 0;
			defaultConfigurationName = Release;
		};
/* End XCConfigurationList section */
	};
	rootObject = 9DFFB8562B06248D00281C9D /* Project object */;
}
